
Microsoft Visual Studio Solution File, Format Version 12.00
# Visual Studio Version 17
VisualStudioVersion = 17.9.34714.143
MinimumVisualStudioVersion = 10.0.40219.1
Project("{FAE04EC0-301F-11D3-BF4B-00C04F79EFBC}") = "TaskBoardApp", "TaskBoardApp\TaskBoardApp.csproj", "{5770D4D4-B2AF-464E-9EF3-6994A5333DC6}"
EndProject
Global
	GlobalSection(SolutionConfigurationPlatforms) = preSolution
		Debug|Any CPU = Debug|Any CPU
		Release|Any CPU = Release|Any CPU
	EndGlobalSection
	GlobalSection(ProjectConfigurationPlatforms) = postSolution
		{5770D4D4-B2AF-464E-9EF3-6994A5333DC6}.Debug|Any CPU.ActiveCfg = Debug|Any CPU
		{5770D4D4-B2AF-464E-9EF3-6994A5333DC6}.Debug|Any CPU.Build.0 = Debug|Any CPU
		{5770D4D4-B2AF-464E-9EF3-6994A5333DC6}.Release|Any CPU.ActiveCfg = Release|Any CPU
		{5770D4D4-B2AF-464E-9EF3-6994A5333DC6}.Release|Any CPU.Build.0 = Release|Any CPU
	EndGlobalSection
	GlobalSection(SolutionProperties) = preSolution
		HideSolutionNode = FALSE
	EndGlobalSection
	GlobalSection(ExtensibilityGlobals) = postSolution
		SolutionGuid = {7F9DBEEE-75CC-45F7-AF38-C843CBB0B1F7}
	EndGlobalSection
EndGlobal
