
Microsoft Visual Studio Solution File, Format Version 12.00
# Visual Studio Version 17
VisualStudioVersion = 17.8.34525.116
MinimumVisualStudioVersion = 10.0.40219.1
Project("{9A19103F-16F7-4668-BE54-9A1E7A4F7556}") = "P02_FootballBetting", "P02_FootballBetting\P02_FootballBetting.csproj", "{7EB0EE9E-1DC3-4CC0-BC31-AE35AB386C35}"
EndProject
Project("{9A19103F-16F7-4668-BE54-9A1E7A4F7556}") = "P02_FootballBetting.Data", "P02_FootballBetting.Data\P02_FootballBetting.Data.csproj", "{5D023B9A-028B-4CB1-B279-39D488FE3E49}"
EndProject
Project("{9A19103F-16F7-4668-BE54-9A1E7A4F7556}") = "P02_FootballBetting.Data.Models", "P02_FootballBetting.Data.Models\P02_FootballBetting.Data.Models.csproj", "{A4AF7746-BAD4-4F3A-81EA-291769C34477}"
EndProject
Project("{FAE04EC0-301F-11D3-BF4B-00C04F79EFBC}") = "TestProject1", "TestProject1\TestProject1.csproj", "{FF43B49F-67CC-4F13-A3BC-6AFA2B1F58AF}"
EndProject
Global
	GlobalSection(SolutionConfigurationPlatforms) = preSolution
		Debug|Any CPU = Debug|Any CPU
		Release|Any CPU = Release|Any CPU
	EndGlobalSection
	GlobalSection(ProjectConfigurationPlatforms) = postSolution
		{7EB0EE9E-1DC3-4CC0-BC31-AE35AB386C35}.Debug|Any CPU.ActiveCfg = Debug|Any CPU
		{7EB0EE9E-1DC3-4CC0-BC31-AE35AB386C35}.Debug|Any CPU.Build.0 = Debug|Any CPU
		{7EB0EE9E-1DC3-4CC0-BC31-AE35AB386C35}.Release|Any CPU.ActiveCfg = Release|Any CPU
		{7EB0EE9E-1DC3-4CC0-BC31-AE35AB386C35}.Release|Any CPU.Build.0 = Release|Any CPU
		{5D023B9A-028B-4CB1-B279-39D488FE3E49}.Debug|Any CPU.ActiveCfg = Debug|Any CPU
		{5D023B9A-028B-4CB1-B279-39D488FE3E49}.Debug|Any CPU.Build.0 = Debug|Any CPU
		{5D023B9A-028B-4CB1-B279-39D488FE3E49}.Release|Any CPU.ActiveCfg = Release|Any CPU
		{5D023B9A-028B-4CB1-B279-39D488FE3E49}.Release|Any CPU.Build.0 = Release|Any CPU
		{A4AF7746-BAD4-4F3A-81EA-291769C34477}.Debug|Any CPU.ActiveCfg = Debug|Any CPU
		{A4AF7746-BAD4-4F3A-81EA-291769C34477}.Debug|Any CPU.Build.0 = Debug|Any CPU
		{A4AF7746-BAD4-4F3A-81EA-291769C34477}.Release|Any CPU.ActiveCfg = Release|Any CPU
		{A4AF7746-BAD4-4F3A-81EA-291769C34477}.Release|Any CPU.Build.0 = Release|Any CPU
		{FF43B49F-67CC-4F13-A3BC-6AFA2B1F58AF}.Debug|Any CPU.ActiveCfg = Debug|Any CPU
		{FF43B49F-67CC-4F13-A3BC-6AFA2B1F58AF}.Debug|Any CPU.Build.0 = Debug|Any CPU
		{FF43B49F-67CC-4F13-A3BC-6AFA2B1F58AF}.Release|Any CPU.ActiveCfg = Release|Any CPU
		{FF43B49F-67CC-4F13-A3BC-6AFA2B1F58AF}.Release|Any CPU.Build.0 = Release|Any CPU
	EndGlobalSection
	GlobalSection(SolutionProperties) = preSolution
		HideSolutionNode = FALSE
	EndGlobalSection
	GlobalSection(ExtensibilityGlobals) = postSolution
		SolutionGuid = {C6AAD6AE-1601-403C-8608-06143F7294A1}
	EndGlobalSection
EndGlobal
